
Microsoft Visual Studio Solution File, Format Version 12.00
# Visual Studio 15
VisualStudioVersion = 15.0.28010.2046
MinimumVisualStudioVersion = 10.0.40219.1
Project("{00D1A9C2-B5F0-4AF3-8072-F6C62B433612}") = "AgendaDB", "AgendaDB\AgendaDB.sqlproj", "{2BDBB9EB-0A69-4BAD-80BC-9496A7B6681C}"
EndProject
Project("{FAE04EC0-301F-11D3-BF4B-00C04F79EFBC}") = "Modelo", "Modelo\Modelo.csproj", "{168BE046-08A5-4579-B512-CEAEE72BFFA8}"
EndProject
Project("{FAE04EC0-301F-11D3-BF4B-00C04F79EFBC}") = "Desk", "Desk\Desk.csproj", "{661F72D1-7E89-4227-9B26-EF48A784FCAC}"
EndProject
Project("{FAE04EC0-301F-11D3-BF4B-00C04F79EFBC}") = "Web", "Web\Web.csproj", "{AB01871F-783F-40F5-BCD3-8C3579F57948}"
EndProject
Project("{FAE04EC0-301F-11D3-BF4B-00C04F79EFBC}") = "Web.Tests", "Web.Tests\Web.Tests.csproj", "{A9A21C74-C007-413E-8AAF-4CEA8035BE53}"
EndProject
Global
	GlobalSection(SolutionConfigurationPlatforms) = preSolution
		Debug|Any CPU = Debug|Any CPU
		Release|Any CPU = Release|Any CPU
	EndGlobalSection
	GlobalSection(ProjectConfigurationPlatforms) = postSolution
		{2BDBB9EB-0A69-4BAD-80BC-9496A7B6681C}.Debug|Any CPU.ActiveCfg = Debug|Any CPU
		{2BDBB9EB-0A69-4BAD-80BC-9496A7B6681C}.Debug|Any CPU.Build.0 = Debug|Any CPU
		{2BDBB9EB-0A69-4BAD-80BC-9496A7B6681C}.Debug|Any CPU.Deploy.0 = Debug|Any CPU
		{2BDBB9EB-0A69-4BAD-80BC-9496A7B6681C}.Release|Any CPU.ActiveCfg = Release|Any CPU
		{2BDBB9EB-0A69-4BAD-80BC-9496A7B6681C}.Release|Any CPU.Build.0 = Release|Any CPU
		{2BDBB9EB-0A69-4BAD-80BC-9496A7B6681C}.Release|Any CPU.Deploy.0 = Release|Any CPU
		{168BE046-08A5-4579-B512-CEAEE72BFFA8}.Debug|Any CPU.ActiveCfg = Debug|Any CPU
		{168BE046-08A5-4579-B512-CEAEE72BFFA8}.Debug|Any CPU.Build.0 = Debug|Any CPU
		{168BE046-08A5-4579-B512-CEAEE72BFFA8}.Release|Any CPU.ActiveCfg = Release|Any CPU
		{168BE046-08A5-4579-B512-CEAEE72BFFA8}.Release|Any CPU.Build.0 = Release|Any CPU
		{661F72D1-7E89-4227-9B26-EF48A784FCAC}.Debug|Any CPU.ActiveCfg = Debug|Any CPU
		{661F72D1-7E89-4227-9B26-EF48A784FCAC}.Debug|Any CPU.Build.0 = Debug|Any CPU
		{661F72D1-7E89-4227-9B26-EF48A784FCAC}.Release|Any CPU.ActiveCfg = Release|Any CPU
		{661F72D1-7E89-4227-9B26-EF48A784FCAC}.Release|Any CPU.Build.0 = Release|Any CPU
		{AB01871F-783F-40F5-BCD3-8C3579F57948}.Debug|Any CPU.ActiveCfg = Debug|Any CPU
		{AB01871F-783F-40F5-BCD3-8C3579F57948}.Debug|Any CPU.Build.0 = Debug|Any CPU
		{AB01871F-783F-40F5-BCD3-8C3579F57948}.Release|Any CPU.ActiveCfg = Release|Any CPU
		{AB01871F-783F-40F5-BCD3-8C3579F57948}.Release|Any CPU.Build.0 = Release|Any CPU
		{A9A21C74-C007-413E-8AAF-4CEA8035BE53}.Debug|Any CPU.ActiveCfg = Debug|Any CPU
		{A9A21C74-C007-413E-8AAF-4CEA8035BE53}.Debug|Any CPU.Build.0 = Debug|Any CPU
		{A9A21C74-C007-413E-8AAF-4CEA8035BE53}.Release|Any CPU.ActiveCfg = Release|Any CPU
		{A9A21C74-C007-413E-8AAF-4CEA8035BE53}.Release|Any CPU.Build.0 = Release|Any CPU
	EndGlobalSection
	GlobalSection(SolutionProperties) = preSolution
		HideSolutionNode = FALSE
	EndGlobalSection
	GlobalSection(ExtensibilityGlobals) = postSolution
		SolutionGuid = {3AE5C2DB-BF1A-4E80-A836-6905B9E90132}
	EndGlobalSection
EndGlobal
